Microsoft Visual Studio Solution File, Format Version 12.00
# Visual Studio 15
VisualStudioVersion = 15.0.26124.0
MinimumVisualStudioVersion = 15.0.26124.0
Project("{2150E333-8FDC-42A3-9474-1A3956D46DE8}") = "Core", "Core", "{934D3C07-8226-4ABB-B93C-BD2872F20476}"
EndProject
Project("{9A19103F-16F7-4668-BE54-9A1E7A4F7556}") = "SampleWapper", "Core\SampleWapper\SampleWapper.csproj", "{FA73BA76-F985-4E6D-8CF1-A03289DADD68}"
EndProject
Project("{2150E333-8FDC-42A3-9474-1A3956D46DE8}") = "Services", "Services", "{B68769AB-CB3B-4669-8A7C-F7310B89A7F9}"
EndProject
Project("{9A19103F-16F7-4668-BE54-9A1E7A4F7556}") = "AccuBatch", "Services\AccuBatch\AccuBatch.csproj", "{5D9E0B12-6FB1-491D-91D2-DD88B1AAAC06}"
EndProject
Project("{9A19103F-16F7-4668-BE54-9A1E7A4F7556}") = "AccuMarkers", "Services\AccuMarkers\AccuMarkers.csproj", "{FB5A4867-EF9F-496E-9D7F-0057366FFAF1}"
EndProject
Project("{9A19103F-16F7-4668-BE54-9A1E7A4F7556}") = "AccuOrders", "Services\AccuOrders\AccuOrders.csproj", "{4973CCB9-9A21-4991-8D30-1A9DF3047808}"
EndProject
Global
	GlobalSection(SolutionConfigurationPlatforms) = preSolution
		Debug|Any CPU = Debug|Any CPU
		Debug|x64 = Debug|x64
		Debug|x86 = Debug|x86
		Release|Any CPU = Release|Any CPU
		Release|x64 = Release|x64
		Release|x86 = Release|x86
	EndGlobalSection
	GlobalSection(ProjectConfigurationPlatforms) = postSolution
		{FA73BA76-F985-4E6D-8CF1-A03289DADD68}.Debug|Any CPU.ActiveCfg = Debug|Any CPU
		{FA73BA76-F985-4E6D-8CF1-A03289DADD68}.Debug|Any CPU.Build.0 = Debug|Any CPU
		{FA73BA76-F985-4E6D-8CF1-A03289DADD68}.Debug|x64.ActiveCfg = Debug|Any CPU
		{FA73BA76-F985-4E6D-8CF1-A03289DADD68}.Debug|x64.Build.0 = Debug|Any CPU
		{FA73BA76-F985-4E6D-8CF1-A03289DADD68}.Debug|x86.ActiveCfg = Debug|Any CPU
		{FA73BA76-F985-4E6D-8CF1-A03289DADD68}.Debug|x86.Build.0 = Debug|Any CPU
		{FA73BA76-F985-4E6D-8CF1-A03289DADD68}.Release|Any CPU.ActiveCfg = Release|Any CPU
		{FA73BA76-F985-4E6D-8CF1-A03289DADD68}.Release|Any CPU.Build.0 = Release|Any CPU
		{FA73BA76-F985-4E6D-8CF1-A03289DADD68}.Release|x64.ActiveCfg = Release|Any CPU
		{FA73BA76-F985-4E6D-8CF1-A03289DADD68}.Release|x64.Build.0 = Release|Any CPU
		{FA73BA76-F985-4E6D-8CF1-A03289DADD68}.Release|x86.ActiveCfg = Release|Any CPU
		{FA73BA76-F985-4E6D-8CF1-A03289DADD68}.Release|x86.Build.0 = Release|Any CPU
		{5D9E0B12-6FB1-491D-91D2-DD88B1AAAC06}.Debug|Any CPU.ActiveCfg = Debug|Any CPU
		{5D9E0B12-6FB1-491D-91D2-DD88B1AAAC06}.Debug|Any CPU.Build.0 = Debug|Any CPU
		{5D9E0B12-6FB1-491D-91D2-DD88B1AAAC06}.Debug|x64.ActiveCfg = Debug|Any CPU
		{5D9E0B12-6FB1-491D-91D2-DD88B1AAAC06}.Debug|x64.Build.0 = Debug|Any CPU
		{5D9E0B12-6FB1-491D-91D2-DD88B1AAAC06}.Debug|x86.ActiveCfg = Debug|Any CPU
		{5D9E0B12-6FB1-491D-91D2-DD88B1AAAC06}.Debug|x86.Build.0 = Debug|Any CPU
		{5D9E0B12-6FB1-491D-91D2-DD88B1AAAC06}.Release|Any CPU.ActiveCfg = Release|Any CPU
		{5D9E0B12-6FB1-491D-91D2-DD88B1AAAC06}.Release|Any CPU.Build.0 = Release|Any CPU
		{5D9E0B12-6FB1-491D-91D2-DD88B1AAAC06}.Release|x64.ActiveCfg = Release|Any CPU
		{5D9E0B12-6FB1-491D-91D2-DD88B1AAAC06}.Release|x64.Build.0 = Release|Any CPU
		{5D9E0B12-6FB1-491D-91D2-DD88B1AAAC06}.Release|x86.ActiveCfg = Release|Any CPU
		{5D9E0B12-6FB1-491D-91D2-DD88B1AAAC06}.Release|x86.Build.0 = Release|Any CPU
		{FB5A4867-EF9F-496E-9D7F-0057366FFAF1}.Debug|Any CPU.ActiveCfg = Debug|Any CPU
		{FB5A4867-EF9F-496E-9D7F-0057366FFAF1}.Debug|Any CPU.Build.0 = Debug|Any CPU
		{FB5A4867-EF9F-496E-9D7F-0057366FFAF1}.Debug|x64.ActiveCfg = Debug|Any CPU
		{FB5A4867-EF9F-496E-9D7F-0057366FFAF1}.Debug|x64.Build.0 = Debug|Any CPU
		{FB5A4867-EF9F-496E-9D7F-0057366FFAF1}.Debug|x86.ActiveCfg = Debug|Any CPU
		{FB5A4867-EF9F-496E-9D7F-0057366FFAF1}.Debug|x86.Build.0 = Debug|Any CPU
		{FB5A4867-EF9F-496E-9D7F-0057366FFAF1}.Release|Any CPU.ActiveCfg = Release|Any CPU
		{FB5A4867-EF9F-496E-9D7F-0057366FFAF1}.Release|Any CPU.Build.0 = Release|Any CPU
		{FB5A4867-EF9F-496E-9D7F-0057366FFAF1}.Release|x64.ActiveCfg = Release|Any CPU
		{FB5A4867-EF9F-496E-9D7F-0057366FFAF1}.Release|x64.Build.0 = Release|Any CPU
		{FB5A4867-EF9F-496E-9D7F-0057366FFAF1}.Release|x86.ActiveCfg = Release|Any CPU
		{FB5A4867-EF9F-496E-9D7F-0057366FFAF1}.Release|x86.Build.0 = Release|Any CPU
		{4973CCB9-9A21-4991-8D30-1A9DF3047808}.Debug|Any CPU.ActiveCfg = Debug|Any CPU
		{4973CCB9-9A21-4991-8D30-1A9DF3047808}.Debug|Any CPU.Build.0 = Debug|Any CPU
		{4973CCB9-9A21-4991-8D30-1A9DF3047808}.Debug|x64.ActiveCfg = Debug|Any CPU
		{4973CCB9-9A21-4991-8D30-1A9DF3047808}.Debug|x64.Build.0 = Debug|Any CPU
		{4973CCB9-9A21-4991-8D30-1A9DF3047808}.Debug|x86.ActiveCfg = Debug|Any CPU
		{4973CCB9-9A21-4991-8D30-1A9DF3047808}.Debug|x86.Build.0 = Debug|Any CPU
		{4973CCB9-9A21-4991-8D30-1A9DF3047808}.Release|Any CPU.ActiveCfg = Release|Any CPU
		{4973CCB9-9A21-4991-8D30-1A9DF3047808}.Release|Any CPU.Build.0 = Release|Any CPU
		{4973CCB9-9A21-4991-8D30-1A9DF3047808}.Release|x64.ActiveCfg = Release|Any CPU
		{4973CCB9-9A21-4991-8D30-1A9DF3047808}.Release|x64.Build.0 = Release|Any CPU
		{4973CCB9-9A21-4991-8D30-1A9DF3047808}.Release|x86.ActiveCfg = Release|Any CPU
		{4973CCB9-9A21-4991-8D30-1A9DF3047808}.Release|x86.Build.0 = Release|Any CPU
	EndGlobalSection
	GlobalSection(SolutionProperties) = preSolution
		HideSolutionNode = FALSE
	EndGlobalSection
	GlobalSection(NestedProjects) = preSolution
		{FA73BA76-F985-4E6D-8CF1-A03289DADD68} = {934D3C07-8226-4ABB-B93C-BD2872F20476}
		{5D9E0B12-6FB1-491D-91D2-DD88B1AAAC06} = {B68769AB-CB3B-4669-8A7C-F7310B89A7F9}
		{FB5A4867-EF9F-496E-9D7F-0057366FFAF1} = {B68769AB-CB3B-4669-8A7C-F7310B89A7F9}
		{4973CCB9-9A21-4991-8D30-1A9DF3047808} = {B68769AB-CB3B-4669-8A7C-F7310B89A7F9}
	EndGlobalSection
	GlobalSection(ExtensibilityGlobals) = postSolution
		SolutionGuid = {1EE3592D-45D9-473D-8C2E-70CBFDA5383C}
	EndGlobalSection
EndGlobal
